
Microsoft Visual Studio Solution File, Format Version 12.00
# Visual Studio Version 17
VisualStudioVersion = 17.4.33205.214
MinimumVisualStudioVersion = 10.0.40219.1
Project("{FAE04EC0-301F-11D3-BF4B-00C04F79EFBC}") = "ECRUD", "ECRUD.csproj", "{E9420D4F-C3E1-4277-9F65-C790916AF4F1}"
EndProject
Global
	GlobalSection(SolutionConfigurationPlatforms) = preSolution
		Debug|Any CPU = Debug|Any CPU
		Release|Any CPU = Release|Any CPU
	EndGlobalSection
	GlobalSection(ProjectConfigurationPlatforms) = postSolution
		{E9420D4F-C3E1-4277-9F65-C790916AF4F1}.Debug|Any CPU.ActiveCfg = Debug|Any CPU
		{E9420D4F-C3E1-4277-9F65-C790916AF4F1}.Debug|Any CPU.Build.0 = Debug|Any CPU
		{E9420D4F-C3E1-4277-9F65-C790916AF4F1}.Release|Any CPU.ActiveCfg = Release|Any CPU
		{E9420D4F-C3E1-4277-9F65-C790916AF4F1}.Release|Any CPU.Build.0 = Release|Any CPU
	EndGlobalSection
	GlobalSection(SolutionProperties) = preSolution
		HideSolutionNode = FALSE
	EndGlobalSection
	GlobalSection(ExtensibilityGlobals) = postSolution
		SolutionGuid = {40468D74-EFC1-40E4-9411-8E7A9472D4E8}
	EndGlobalSection
EndGlobal
